// !$*UTF8*$!
{
	archiveVersion = 1;
	classes = {
	};
	objectVersion = 46;
	objects = {

/* Begin PBXBuildFile section */
		A2DD96CE197F06870061FC75 /* DetailViewController.swift in Sources */ = {isa = PBXBuildFile; fileRef = A2DD96CD197F06870061FC75 /* DetailViewController.swift */; };
		A2DD96D0197F068C0061FC75 /* PeopleViewController.swift in Sources */ = {isa = PBXBuildFile; fileRef = A2DD96CF197F068C0061FC75 /* PeopleViewController.swift */; };
		A2DD96D2197F06A00061FC75 /* Person.swift in Sources */ = {isa = PBXBuildFile; fileRef = A2DD96D1197F06A00061FC75 /* Person.swift */; };
		A2DD96D4197F09B80061FC75 /* People.plist in Resources */ = {isa = PBXBuildFile; fileRef = A2DD96D3197F09B80061FC75 /* People.plist */; };
		A2E3C55C19803B3700CF15C3 /* puppy.jpg in Resources */ = {isa = PBXBuildFile; fileRef = A2E3C55B19803B3700CF15C3 /* puppy.jpg */; };
		EF0D29FA197D8766001C9452 /* AppDelegate.swift in Sources */ = {isa = PBXBuildFile; fileRef = EF0D29F9197D8766001C9452 /* AppDelegate.swift */; };
		EF0D29FF197D8766001C9452 /* Main.storyboard in Resources */ = {isa = PBXBuildFile; fileRef = EF0D29FD197D8766001C9452 /* Main.storyboard */; };
		EF0D2A01197D8766001C9452 /* Images.xcassets in Resources */ = {isa = PBXBuildFile; fileRef = EF0D2A00197D8766001C9452 /* Images.xcassets */; };
		EF0D2A0D197D8766001C9452 /* ClassRosterB19Tests.swift in Sources */ = {isa = PBXBuildFile; fileRef = EF0D2A0C197D8766001C9452 /* ClassRosterB19Tests.swift */; };
		EF0D2A1A197D89C0001C9452 /* PersonTests.swift in Sources */ = {isa = PBXBuildFile; fileRef = EF0D2A19197D89C0001C9452 /* PersonTests.swift */; };
		EF4B164E19906F1E008FB167 /* Person.swift in Sources */ = {isa = PBXBuildFile; fileRef = A2DD96D1197F06A00061FC75 /* Person.swift */; };
/* End PBXBuildFile section */

/* Begin PBXContainerItemProxy section */
		EF0D2A07197D8766001C9452 /* PBXContainerItemProxy */ = {
			isa = PBXContainerItemProxy;
			containerPortal = EF0D29EC197D8766001C9452 /* Project object */;
			proxyType = 1;
			remoteGlobalIDString = EF0D29F3197D8766001C9452;
			remoteInfo = ClassRosterB19;
		};
/* End PBXContainerItemProxy section */

/* Begin PBXFileReference section */
		A2DD96CD197F06870061FC75 /* DetailViewController.swift */ = {isa = PBXFileReference; fileEncoding = 4; lastKnownFileType = sourcecode.swift; path = DetailViewController.swift; sourceTree = "<group>"; };
		A2DD96CF197F068C0061FC75 /* PeopleViewController.swift */ = {isa = PBXFileReference; fileEncoding = 4; lastKnownFileType = sourcecode.swift; path = PeopleViewController.swift; sourceTree = "<group>"; };
		A2DD96D1197F06A00061FC75 /* Person.swift */ = {isa = PBXFileReference; fileEncoding = 4; lastKnownFileType = sourcecode.swift; path = Person.swift; sourceTree = "<group>"; };
		A2DD96D3197F09B80061FC75 /* People.plist */ = {isa = PBXFileReference; fileEncoding = 4; lastKnownFileType = text.plist.xml; path = People.plist; sourceTree = "<group>"; };
		A2E3C55B19803B3700CF15C3 /* puppy.jpg */ = {isa = PBXFileReference; lastKnownFileType = image.jpeg; path = puppy.jpg; sourceTree = "<group>"; };
		EF0D29F4197D8766001C9452 /* ClassRosterB19.app */ = {isa = PBXFileReference; explicitFileType = wrapper.application; includeInIndex = 0; path = ClassRosterB19.app; sourceTree = BUILT_PRODUCTS_DIR; };
		EF0D29F8197D8766001C9452 /* Info.plist */ = {isa = PBXFileReference; lastKnownFileType = text.plist.xml; path = Info.plist; sourceTree = "<group>"; };
		EF0D29F9197D8766001C9452 /* AppDelegate.swift */ = {isa = PBXFileReference; lastKnownFileType = sourcecode.swift; path = AppDelegate.swift; sourceTree = "<group>"; };
		EF0D29FE197D8766001C9452 /* Base */ = {isa = PBXFileReference; lastKnownFileType = file.storyboard; name = Base; path = Base.lproj/Main.storyboard; sourceTree = "<group>"; };
		EF0D2A00197D8766001C9452 /* Images.xcassets */ = {isa = PBXFileReference; lastKnownFileType = folder.assetcatalog; path = Images.xcassets; sourceTree = "<group>"; };
		EF0D2A06197D8766001C9452 /* ClassRosterB19Tests.xctest */ = {isa = PBXFileReference; explicitFileType = wrapper.cfbundle; includeInIndex = 0; path = ClassRosterB19Tests.xctest; sourceTree = BUILT_PRODUCTS_DIR; };
		EF0D2A0B197D8766001C9452 /* Info.plist */ = {isa = PBXFileReference; lastKnownFileType = text.plist.xml; path = Info.plist; sourceTree = "<group>"; };
		EF0D2A0C197D8766001C9452 /* ClassRosterB19Tests.swift */ = {isa = PBXFileReference; lastKnownFileType = sourcecode.swift; path = ClassRosterB19Tests.swift; sourceTree = "<group>"; };
		EF0D2A19197D89C0001C9452 /* PersonTests.swift */ = {isa = PBXFileReference; fileEncoding = 4; lastKnownFileType = sourcecode.swift; path = PersonTests.swift; sourceTree = "<group>"; };
/* End PBXFileReference section */

/* Begin PBXFrameworksBuildPhase section */
		EF0D29F1197D8766001C9452 /* Frameworks */ = {
			isa = PBXFrameworksBuildPhase;
			buildActionMask = 2147483647;
			files = (
			);
			runOnlyForDeploymentPostprocessing = 0;
		};
		EF0D2A03197D8766001C9452 /* Frameworks */ = {
			isa = PBXFrameworksBuildPhase;
			buildActionMask = 2147483647;
			files = (
			);
			runOnlyForDeploymentPostprocessing = 0;
		};
/* End PBXFrameworksBuildPhase section */

/* Begin PBXGroup section */
		EF0D29EB197D8766001C9452 = {
			isa = PBXGroup;
			children = (
				EF0D29F6197D8766001C9452 /* ClassRosterB19 */,
				EF0D2A09197D8766001C9452 /* ClassRosterB19Tests */,
				EF0D29F5197D8766001C9452 /* Products */,
			);
			sourceTree = "<group>";
		};
		EF0D29F5197D8766001C9452 /* Products */ = {
			isa = PBXGroup;
			children = (
				EF0D29F4197D8766001C9452 /* ClassRosterB19.app */,
				EF0D2A06197D8766001C9452 /* ClassRosterB19Tests.xctest */,
			);
			name = Products;
			sourceTree = "<group>";
		};
		EF0D29F6197D8766001C9452 /* ClassRosterB19 */ = {
			isa = PBXGroup;
			children = (
				EF0D2A18197D878E001C9452 /* Controllers */,
				EF0D2A17197D8788001C9452 /* Views */,
				EF0D2A16197D8781001C9452 /* Models */,
				EF0D29F7197D8766001C9452 /* Supporting Files */,
			);
			path = ClassRosterB19;
			sourceTree = "<group>";
		};
		EF0D29F7197D8766001C9452 /* Supporting Files */ = {
			isa = PBXGroup;
			children = (
				A2E3C55B19803B3700CF15C3 /* puppy.jpg */,
				EF0D2A00197D8766001C9452 /* Images.xcassets */,
				EF0D29F8197D8766001C9452 /* Info.plist */,
			);
			name = "Supporting Files";
			sourceTree = "<group>";
		};
		EF0D2A09197D8766001C9452 /* ClassRosterB19Tests */ = {
			isa = PBXGroup;
			children = (
				EF0D2A0C197D8766001C9452 /* ClassRosterB19Tests.swift */,
				EF0D2A19197D89C0001C9452 /* PersonTests.swift */,
				EF0D2A0A197D8766001C9452 /* Supporting Files */,
			);
			path = ClassRosterB19Tests;
			sourceTree = "<group>";
		};
		EF0D2A0A197D8766001C9452 /* Supporting Files */ = {
			isa = PBXGroup;
			children = (
				EF0D2A0B197D8766001C9452 /* Info.plist */,
			);
			name = "Supporting Files";
			sourceTree = "<group>";
		};
		EF0D2A16197D8781001C9452 /* Models */ = {
			isa = PBXGroup;
			children = (
				A2DD96D1197F06A00061FC75 /* Person.swift */,
				A2DD96D3197F09B80061FC75 /* People.plist */,
			);
			name = Models;
			sourceTree = "<group>";
		};
		EF0D2A17197D8788001C9452 /* Views */ = {
			isa = PBXGroup;
			children = (
				EF0D29FD197D8766001C9452 /* Main.storyboard */,
			);
			name = Views;
			sourceTree = "<group>";
		};
		EF0D2A18197D878E001C9452 /* Controllers */ = {
			isa = PBXGroup;
			children = (
				EF0D29F9197D8766001C9452 /* AppDelegate.swift */,
				A2DD96CF197F068C0061FC75 /* PeopleViewController.swift */,
				A2DD96CD197F06870061FC75 /* DetailViewController.swift */,
			);
			name = Controllers;
			sourceTree = "<group>";
		};
/* End PBXGroup section */

/* Begin PBXNativeTarget section */
		EF0D29F3197D8766001C9452 /* ClassRosterB19 */ = {
			isa = PBXNativeTarget;
			buildConfigurationList = EF0D2A10197D8766001C9452 /* Build configuration list for PBXNativeTarget "ClassRosterB19" */;
			buildPhases = (
				EF0D29F0197D8766001C9452 /* Sources */,
				EF0D29F1197D8766001C9452 /* Frameworks */,
				EF0D29F2197D8766001C9452 /* Resources */,
			);
			buildRules = (
			);
			dependencies = (
			);
			name = ClassRosterB19;
			productName = ClassRosterB19;
			productReference = EF0D29F4197D8766001C9452 /* ClassRosterB19.app */;
			productType = "com.apple.product-type.application";
		};
		EF0D2A05197D8766001C9452 /* ClassRosterB19Tests */ = {
			isa = PBXNativeTarget;
			buildConfigurationList = EF0D2A13197D8766001C9452 /* Build configuration list for PBXNativeTarget "ClassRosterB19Tests" */;
			buildPhases = (
				EF0D2A02197D8766001C9452 /* Sources */,
				EF0D2A03197D8766001C9452 /* Frameworks */,
				EF0D2A04197D8766001C9452 /* Resources */,
			);
			buildRules = (
			);
			dependencies = (
				EF0D2A08197D8766001C9452 /* PBXTargetDependency */,
			);
			name = ClassRosterB19Tests;
			productName = ClassRosterB19Tests;
			productReference = EF0D2A06197D8766001C9452 /* ClassRosterB19Tests.xctest */;
			productType = "com.apple.product-type.bundle.unit-test";
		};
/* End PBXNativeTarget section */

/* Begin PBXProject section */
		EF0D29EC197D8766001C9452 /* Project object */ = {
			isa = PBXProject;
			attributes = {
				LastUpgradeCheck = 0600;
				ORGANIZATIONNAME = "Learn Swift";
				TargetAttributes = {
					EF0D29F3197D8766001C9452 = {
						CreatedOnToolsVersion = 6.0;
					};
					EF0D2A05197D8766001C9452 = {
						CreatedOnToolsVersion = 6.0;
						TestTargetID = EF0D29F3197D8766001C9452;
					};
				};
			};
			buildConfigurationList = EF0D29EF197D8766001C9452 /* Build configuration list for PBXProject "ClassRosterB19" */;
			compatibilityVersion = "Xcode 3.2";
			developmentRegion = English;
			hasScannedForEncodings = 0;
			knownRegions = (
				en,
				Base,
			);
			mainGroup = EF0D29EB197D8766001C9452;
			productRefGroup = EF0D29F5197D8766001C9452 /* Products */;
			projectDirPath = "";
			projectRoot = "";
			targets = (
				EF0D29F3197D8766001C9452 /* ClassRosterB19 */,
				EF0D2A05197D8766001C9452 /* ClassRosterB19Tests */,
			);
		};
/* End PBXProject section */

/* Begin PBXResourcesBuildPhase section */
		EF0D29F2197D8766001C9452 /* Resources */ = {
			isa = PBXResourcesBuildPhase;
			buildActionMask = 2147483647;
			files = (
				A2DD96D4197F09B80061FC75 /* People.plist in Resources */,
				EF0D29FF197D8766001C9452 /* Main.storyboard in Resources */,
				A2E3C55C19803B3700CF15C3 /* puppy.jpg in Resources */,
				EF0D2A01197D8766001C9452 /* Images.xcassets in Resources */,
			);
			runOnlyForDeploymentPostprocessing = 0;
		};
		EF0D2A04197D8766001C9452 /* Resources */ = {
			isa = PBXResourcesBuildPhase;
			buildActionMask = 2147483647;
			files = (
			);
			runOnlyForDeploymentPostprocessing = 0;
		};
/* End PBXResourcesBuildPhase section */

/* Begin PBXSourcesBuildPhase section */
		EF0D29F0197D8766001C9452 /* Sources */ = {
			isa = PBXSourcesBuildPhase;
			buildActionMask = 2147483647;
			files = (
				A2DD96CE197F06870061FC75 /* DetailViewController.swift in Sources */,
				A2DD96D0197F068C0061FC75 /* PeopleViewController.swift in Sources */,
				A2DD96D2197F06A00061FC75 /* Person.swift in Sources */,
				EF0D29FA197D8766001C9452 /* AppDelegate.swift in Sources */,
			);
			runOnlyForDeploymentPostprocessing = 0;
		};
		EF0D2A02197D8766001C9452 /* Sources */ = {
			isa = PBXSourcesBuildPhase;
			buildActionMask = 2147483647;
			files = (
				EF4B164E19906F1E008FB167 /* Person.swift in Sources */,
				EF0D2A1A197D89C0001C9452 /* PersonTests.swift in Sources */,
				EF0D2A0D197D8766001C9452 /* ClassRosterB19Tests.swift in Sources */,
			);
			runOnlyForDeploymentPostprocessing = 0;
		};
/* End PBXSourcesBuildPhase section */

/* Begin PBXTargetDependency section */
		EF0D2A08197D8766001C9452 /* PBXTargetDependency */ = {
			isa = PBXTargetDependency;
			target = EF0D29F3197D8766001C9452 /* ClassRosterB19 */;
			targetProxy = EF0D2A07197D8766001C9452 /* PBXContainerItemProxy */;
		};
/* End PBXTargetDependency section */

/* Begin PBXVariantGroup section */
		EF0D29FD197D8766001C9452 /* Main.storyboard */ = {
			isa = PBXVariantGroup;
			children = (
				EF0D29FE197D8766001C9452 /* Base */,
			);
			name = Main.storyboard;
			sourceTree = "<group>";
		};
/* End PBXVariantGroup section */

/* Begin XCBuildConfiguration section */
		EF0D2A0E197D8766001C9452 /* Debug */ = {
			isa = XCBuildConfiguration;
			buildSettings = {
				ALWAYS_SEARCH_USER_PATHS = NO;
				CLANG_CXX_LANGUAGE_STANDARD = "gnu++0x";
				CLANG_CXX_LIBRARY = "libc++";
				CLANG_ENABLE_MODULES = YES;
				CLANG_ENABLE_OBJC_ARC = YES;
				CLANG_WARN_BOOL_CONVERSION = YES;
				CLANG_WARN_CONSTANT_CONVERSION = YES;
				CLANG_WARN_DIRECT_OBJC_ISA_USAGE = YES_ERROR;
				CLANG_WARN_EMPTY_BODY = YES;
				CLANG_WARN_ENUM_CONVERSION = YES;
				CLANG_WARN_INT_CONVERSION = YES;
				CLANG_WARN_OBJC_ROOT_CLASS = YES_ERROR;
				CLANG_WARN_UNREACHABLE_CODE = YES;
				CLANG_WARN__DUPLICATE_METHOD_MATCH = YES;
				"CODE_SIGN_IDENTITY[sdk=iphoneos*]" = "iPhone Developer";
				COPY_PHASE_STRIP = NO;
				ENABLE_STRICT_OBJC_MSGSEND = YES;
				GCC_C_LANGUAGE_STANDARD = gnu99;
				GCC_DYNAMIC_NO_PIC = NO;
				GCC_OPTIMIZATION_LEVEL = 0;
				GCC_PREPROCESSOR_DEFINITIONS = (
					"DEBUG=1",
					"$(inherited)",
				);
				GCC_SYMBOLS_PRIVATE_EXTERN = NO;
				GCC_WARN_64_TO_32_BIT_CONVERSION = YES;
				GCC_WARN_ABOUT_RETURN_TYPE = YES_ERROR;
				GCC_WARN_UNDECLARED_SELECTOR = YES;
				GCC_WARN_UNINITIALIZED_AUTOS = YES_AGGRESSIVE;
				GCC_WARN_UNUSED_FUNCTION = YES;
				GCC_WARN_UNUSED_VARIABLE = YES;
				IPHONEOS_DEPLOYMENT_TARGET = 8.0;
				MTL_ENABLE_DEBUG_INFO = YES;
				ONLY_ACTIVE_ARCH = YES;
				SDKROOT = iphoneos;
				SWIFT_OPTIMIZATION_LEVEL = "-Onone";
				TARGETED_DEVICE_FAMILY = "1,2";
			};
			name = Debug;
		};
		EF0D2A0F197D8766001C9452 /* Release */ = {
			isa = XCBuildConfiguration;
			buildSettings = {
				ALWAYS_SEARCH_USER_PATHS = NO;
				CLANG_CXX_LANGUAGE_STANDARD = "gnu++0x";
				CLANG_CXX_LIBRARY = "libc++";
				CLANG_ENABLE_MODULES = YES;
				CLANG_ENABLE_OBJC_ARC = YES;
				CLANG_WARN_BOOL_CONVERSION = YES;
				CLANG_WARN_CONSTANT_CONVERSION = YES;
				CLANG_WARN_DIRECT_OBJC_ISA_USAGE = YES_ERROR;
				CLANG_WARN_EMPTY_BODY = YES;
				CLANG_WARN_ENUM_CONVERSION = YES;
				CLANG_WARN_INT_CONVERSION = YES;
				CLANG_WARN_OBJC_ROOT_CLASS = YES_ERROR;
				CLANG_WARN_UNREACHABLE_CODE = YES;
				CLANG_WARN__DUPLICATE_METHOD_MATCH = YES;
				"CODE_SIGN_IDENTITY[sdk=iphoneos*]" = "iPhone Developer";
				COPY_PHASE_STRIP = YES;
				ENABLE_NS_ASSERTIONS = NO;
				ENABLE_STRICT_OBJC_MSGSEND = YES;
				GCC_C_LANGUAGE_STANDARD = gnu99;
				GCC_WARN_64_TO_32_BIT_CONVERSION = YES;
				GCC_WARN_ABOUT_RETURN_TYPE = YES_ERROR;
				GCC_WARN_UNDECLARED_SELECTOR = YES;
				GCC_WARN_UNINITIALIZED_AUTOS = YES_AGGRESSIVE;
				GCC_WARN_UNUSED_FUNCTION = YES;
				GCC_WARN_UNUSED_VARIABLE = YES;
				IPHONEOS_DEPLOYMENT_TARGET = 8.0;
				MTL_ENABLE_DEBUG_INFO = NO;
				SDKROOT = iphoneos;
				TARGETED_DEVICE_FAMILY = "1,2";
				VALIDATE_PRODUCT = YES;
			};
			name = Release;
		};
		EF0D2A11197D8766001C9452 /* Debug */ = {
			isa = XCBuildConfiguration;
			buildSettings = {
				ASSETCATALOG_COMPILER_APPICON_NAME = AppIcon;
				ASSETCATALOG_COMPILER_LAUNCHIMAGE_NAME = LaunchImage;
				INFOPLIST_FILE = ClassRosterB19/Info.plist;
				LD_RUNPATH_SEARCH_PATHS = "$(inherited) @executable_path/Frameworks";
				PRODUCT_NAME = "$(TARGET_NAME)";
			};
			name = Debug;
		};
		EF0D2A12197D8766001C9452 /* Release */ = {
			isa = XCBuildConfiguration;
			buildSettings = {
				ASSETCATALOG_COMPILER_APPICON_NAME = AppIcon;
				ASSETCATALOG_COMPILER_LAUNCHIMAGE_NAME = LaunchImage;
				INFOPLIST_FILE = ClassRosterB19/Info.plist;
				LD_RUNPATH_SEARCH_PATHS = "$(inherited) @executable_path/Frameworks";
				PRODUCT_NAME = "$(TARGET_NAME)";
			};
			name = Release;
		};
		EF0D2A14197D8766001C9452 /* Debug */ = {
			isa = XCBuildConfiguration;
			buildSettings = {
				BUNDLE_LOADER = "$(BUILT_PRODUCTS_DIR)/ClassRosterB19.app/ClassRosterB19";
				FRAMEWORK_SEARCH_PATHS = (
					"$(SDKROOT)/Developer/Library/Frameworks",
					"$(inherited)",
				);
				GCC_PREPROCESSOR_DEFINITIONS = (
					"DEBUG=1",
					"$(inherited)",
				);
				INFOPLIST_FILE = ClassRosterB19Tests/Info.plist;
				LD_RUNPATH_SEARCH_PATHS = "$(inherited) @executable_path/Frameworks @loader_path/Frameworks";
				PRODUCT_NAME = "$(TARGET_NAME)";
				TEST_HOST = "$(BUNDLE_LOADER)";
			};
			name = Debug;
		};
		EF0D2A15197D8766001C9452 /* Release */ = {
			isa = XCBuildConfiguration;
			buildSettings = {
				BUNDLE_LOADER = "$(BUILT_PRODUCTS_DIR)/ClassRosterB19.app/ClassRosterB19";
				FRAMEWORK_SEARCH_PATHS = (
					"$(SDKROOT)/Developer/Library/Frameworks",
					"$(inherited)",
				);
				INFOPLIST_FILE = ClassRosterB19Tests/Info.plist;
				LD_RUNPATH_SEARCH_PATHS = "$(inherited) @executable_path/Frameworks @loader_path/Frameworks";
				PRODUCT_NAME = "$(TARGET_NAME)";
				TEST_HOST = "$(BUNDLE_LOADER)";
			};
			name = Release;
		};
/* End XCBuildConfiguration section */

/* Begin XCConfigurationList section */
		EF0D29EF197D8766001C9452 /* Build configuration list for PBXProject "ClassRosterB19" */ = {
			isa = XCConfigurationList;
			buildConfigurations = (
				EF0D2A0E197D8766001C9452 /* Debug */,
				EF0D2A0F197D8766001C9452 /* Release */,
			);
			defaultConfigurationIsVisible = 0;
			defaultConfigurationName = Release;
		};
		EF0D2A10197D8766001C9452 /* Build configuration list for PBXNativeTarget "ClassRosterB19" */ = {
			isa = XCConfigurationList;
			buildConfigurations = (
				EF0D2A11197D8766001C9452 /* Debug */,
				EF0D2A12197D8766001C9452 /* Release */,
			);
			defaultConfigurationIsVisible = 0;
			defaultConfigurationName = Release;
		};
		EF0D2A13197D8766001C9452 /* Build configuration list for PBXNativeTarget "ClassRosterB19Tests" */ = {
			isa = XCConfigurationList;
			buildConfigurations = (
				EF0D2A14197D8766001C9452 /* Debug */,
				EF0D2A15197D8766001C9452 /* Release */,
			);
			defaultConfigurationIsVisible = 0;
			defaultConfigurationName = Release;
		};
/* End XCConfigurationList section */
	};
	rootObject = EF0D29EC197D8766001C9452 /* Project object */;
}
