// !$*UTF8*$!
{
	archiveVersion = 1;
	classes = {
	};
	objectVersion = 46;
	objects = {

/* Begin PBXBuildFile section */
		788D737B1970D70300492FCD /* AppDelegate.swift in Sources */ = {isa = PBXBuildFile; fileRef = 788D737A1970D70300492FCD /* AppDelegate.swift */; };
		788D737D1970D70300492FCD /* ViewController.swift in Sources */ = {isa = PBXBuildFile; fileRef = 788D737C1970D70300492FCD /* ViewController.swift */; };
		788D73801970D70300492FCD /* Main.storyboard in Resources */ = {isa = PBXBuildFile; fileRef = 788D737E1970D70300492FCD /* Main.storyboard */; };
		788D73821970D70300492FCD /* Images.xcassets in Resources */ = {isa = PBXBuildFile; fileRef = 788D73811970D70300492FCD /* Images.xcassets */; };
/* End PBXBuildFile section */

/* Begin PBXFileReference section */
		788D73751970D70300492FCD /* UIKit Dynamics.app */ = {isa = PBXFileReference; explicitFileType = wrapper.application; includeInIndex = 0; path = "UIKit Dynamics.app"; sourceTree = BUILT_PRODUCTS_DIR; };
		788D73791970D70300492FCD /* Info.plist */ = {isa = PBXFileReference; lastKnownFileType = text.plist.xml; path = Info.plist; sourceTree = "<group>"; };
		788D737A1970D70300492FCD /* AppDelegate.swift */ = {isa = PBXFileReference; lastKnownFileType = sourcecode.swift; path = AppDelegate.swift; sourceTree = "<group>"; };
		788D737C1970D70300492FCD /* ViewController.swift */ = {isa = PBXFileReference; lastKnownFileType = sourcecode.swift; path = ViewController.swift; sourceTree = "<group>"; };
		788D737F1970D70300492FCD /* Base */ = {isa = PBXFileReference; lastKnownFileType = file.storyboard; name = Base; path = Base.lproj/Main.storyboard; sourceTree = "<group>"; };
		788D73811970D70300492FCD /* Images.xcassets */ = {isa = PBXFileReference; lastKnownFileType = folder.assetcatalog; path = Images.xcassets; sourceTree = "<group>"; };
/* End PBXFileReference section */

/* Begin PBXFrameworksBuildPhase section */
		788D73721970D70300492FCD /* Frameworks */ = {
			isa = PBXFrameworksBuildPhase;
			buildActionMask = 2147483647;
			files = (
			);
			runOnlyForDeploymentPostprocessing = 0;
		};
/* End PBXFrameworksBuildPhase section */

/* Begin PBXGroup section */
		788D736C1970D70300492FCD = {
			isa = PBXGroup;
			children = (
				788D73771970D70300492FCD /* UIKit Dynamics */,
				788D73761970D70300492FCD /* Products */,
			);
			sourceTree = "<group>";
		};
		788D73761970D70300492FCD /* Products */ = {
			isa = PBXGroup;
			children = (
				788D73751970D70300492FCD /* UIKit Dynamics.app */,
			);
			name = Products;
			sourceTree = "<group>";
		};
		788D73771970D70300492FCD /* UIKit Dynamics */ = {
			isa = PBXGroup;
			children = (
				788D737A1970D70300492FCD /* AppDelegate.swift */,
				788D737C1970D70300492FCD /* ViewController.swift */,
				788D737E1970D70300492FCD /* Main.storyboard */,
				788D73811970D70300492FCD /* Images.xcassets */,
				788D73781970D70300492FCD /* Supporting Files */,
			);
			path = "UIKit Dynamics";
			sourceTree = "<group>";
		};
		788D73781970D70300492FCD /* Supporting Files */ = {
			isa = PBXGroup;
			children = (
				788D73791970D70300492FCD /* Info.plist */,
			);
			name = "Supporting Files";
			sourceTree = "<group>";
		};
/* End PBXGroup section */

/* Begin PBXNativeTarget section */
		788D73741970D70300492FCD /* UIKit Dynamics */ = {
			isa = PBXNativeTarget;
			buildConfigurationList = 788D73911970D70300492FCD /* Build configuration list for PBXNativeTarget "UIKit Dynamics" */;
			buildPhases = (
				788D73711970D70300492FCD /* Sources */,
				788D73721970D70300492FCD /* Frameworks */,
				788D73731970D70300492FCD /* Resources */,
			);
			buildRules = (
			);
			dependencies = (
			);
			name = "UIKit Dynamics";
			productName = DynamicsDemo;
			productReference = 788D73751970D70300492FCD /* UIKit Dynamics.app */;
			productType = "com.apple.product-type.application";
		};
/* End PBXNativeTarget section */

/* Begin PBXProject section */
		788D736D1970D70300492FCD /* Project object */ = {
			isa = PBXProject;
			attributes = {
				LastUpgradeCheck = 0600;
				ORGANIZATIONNAME = "Razeware LLC";
				TargetAttributes = {
					788D73741970D70300492FCD = {
						CreatedOnToolsVersion = 6.0;
					};
				};
			};
			buildConfigurationList = 788D73701970D70300492FCD /* Build configuration list for PBXProject "UIKit Dynamics" */;
			compatibilityVersion = "Xcode 3.2";
			developmentRegion = English;
			hasScannedForEncodings = 0;
			knownRegions = (
				en,
				Base,
			);
			mainGroup = 788D736C1970D70300492FCD;
			productRefGroup = 788D73761970D70300492FCD /* Products */;
			projectDirPath = "";
			projectRoot = "";
			targets = (
				788D73741970D70300492FCD /* UIKit Dynamics */,
			);
		};
/* End PBXProject section */

/* Begin PBXResourcesBuildPhase section */
		788D73731970D70300492FCD /* Resources */ = {
			isa = PBXResourcesBuildPhase;
			buildActionMask = 2147483647;
			files = (
				788D73801970D70300492FCD /* Main.storyboard in Resources */,
				788D73821970D70300492FCD /* Images.xcassets in Resources */,
			);
			runOnlyForDeploymentPostprocessing = 0;
		};
/* End PBXResourcesBuildPhase section */

/* Begin PBXSourcesBuildPhase section */
		788D73711970D70300492FCD /* Sources */ = {
			isa = PBXSourcesBuildPhase;
			buildActionMask = 2147483647;
			files = (
				788D737D1970D70300492FCD /* ViewController.swift in Sources */,
				788D737B1970D70300492FCD /* AppDelegate.swift in Sources */,
			);
			runOnlyForDeploymentPostprocessing = 0;
		};
/* End PBXSourcesBuildPhase section */

/* Begin PBXVariantGroup section */
		788D737E1970D70300492FCD /* Main.storyboard */ = {
			isa = PBXVariantGroup;
			children = (
				788D737F1970D70300492FCD /* Base */,
			);
			name = Main.storyboard;
			sourceTree = "<group>";
		};
/* End PBXVariantGroup section */

/* Begin XCBuildConfiguration section */
		788D738F1970D70300492FCD /* Debug */ = {
			isa = XCBuildConfiguration;
			buildSettings = {
				ALWAYS_SEARCH_USER_PATHS = NO;
				CLANG_CXX_LANGUAGE_STANDARD = "gnu++0x";
				CLANG_CXX_LIBRARY = "libc++";
				CLANG_ENABLE_MODULES = YES;
				CLANG_ENABLE_OBJC_ARC = YES;
				CLANG_WARN_BOOL_CONVERSION = YES;
				CLANG_WARN_CONSTANT_CONVERSION = YES;
				CLANG_WARN_DIRECT_OBJC_ISA_USAGE = YES_ERROR;
				CLANG_WARN_EMPTY_BODY = YES;
				CLANG_WARN_ENUM_CONVERSION = YES;
				CLANG_WARN_INT_CONVERSION = YES;
				CLANG_WARN_OBJC_ROOT_CLASS = YES_ERROR;
				CLANG_WARN_UNREACHABLE_CODE = YES;
				CLANG_WARN__DUPLICATE_METHOD_MATCH = YES;
				"CODE_SIGN_IDENTITY[sdk=iphoneos*]" = "iPhone Developer";
				COPY_PHASE_STRIP = NO;
				ENABLE_STRICT_OBJC_MSGSEND = YES;
				GCC_C_LANGUAGE_STANDARD = gnu99;
				GCC_DYNAMIC_NO_PIC = NO;
				GCC_OPTIMIZATION_LEVEL = 0;
				GCC_PREPROCESSOR_DEFINITIONS = (
					"DEBUG=1",
					"$(inherited)",
				);
				GCC_SYMBOLS_PRIVATE_EXTERN = NO;
				GCC_WARN_64_TO_32_BIT_CONVERSION = YES;
				GCC_WARN_ABOUT_RETURN_TYPE = YES_ERROR;
				GCC_WARN_UNDECLARED_SELECTOR = YES;
				GCC_WARN_UNINITIALIZED_AUTOS = YES_AGGRESSIVE;
				GCC_WARN_UNUSED_FUNCTION = YES;
				GCC_WARN_UNUSED_VARIABLE = YES;
				IPHONEOS_DEPLOYMENT_TARGET = 8.0;
				MTL_ENABLE_DEBUG_INFO = YES;
				ONLY_ACTIVE_ARCH = YES;
				SDKROOT = iphoneos;
				SWIFT_OPTIMIZATION_LEVEL = "-Onone";
			};
			name = Debug;
		};
		788D73901970D70300492FCD /* Release */ = {
			isa = XCBuildConfiguration;
			buildSettings = {
				ALWAYS_SEARCH_USER_PATHS = NO;
				CLANG_CXX_LANGUAGE_STANDARD = "gnu++0x";
				CLANG_CXX_LIBRARY = "libc++";
				CLANG_ENABLE_MODULES = YES;
				CLANG_ENABLE_OBJC_ARC = YES;
				CLANG_WARN_BOOL_CONVERSION = YES;
				CLANG_WARN_CONSTANT_CONVERSION = YES;
				CLANG_WARN_DIRECT_OBJC_ISA_USAGE = YES_ERROR;
				CLANG_WARN_EMPTY_BODY = YES;
				CLANG_WARN_ENUM_CONVERSION = YES;
				CLANG_WARN_INT_CONVERSION = YES;
				CLANG_WARN_OBJC_ROOT_CLASS = YES_ERROR;
				CLANG_WARN_UNREACHABLE_CODE = YES;
				CLANG_WARN__DUPLICATE_METHOD_MATCH = YES;
				"CODE_SIGN_IDENTITY[sdk=iphoneos*]" = "iPhone Developer";
				COPY_PHASE_STRIP = YES;
				ENABLE_NS_ASSERTIONS = NO;
				ENABLE_STRICT_OBJC_MSGSEND = YES;
				GCC_C_LANGUAGE_STANDARD = gnu99;
				GCC_WARN_64_TO_32_BIT_CONVERSION = YES;
				GCC_WARN_ABOUT_RETURN_TYPE = YES_ERROR;
				GCC_WARN_UNDECLARED_SELECTOR = YES;
				GCC_WARN_UNINITIALIZED_AUTOS = YES_AGGRESSIVE;
				GCC_WARN_UNUSED_FUNCTION = YES;
				GCC_WARN_UNUSED_VARIABLE = YES;
				IPHONEOS_DEPLOYMENT_TARGET = 8.0;
				MTL_ENABLE_DEBUG_INFO = NO;
				SDKROOT = iphoneos;
				VALIDATE_PRODUCT = YES;
			};
			name = Release;
		};
		788D73921970D70300492FCD /* Debug */ = {
			isa = XCBuildConfiguration;
			buildSettings = {
				ASSETCATALOG_COMPILER_APPICON_NAME = AppIcon;
				ASSETCATALOG_COMPILER_LAUNCHIMAGE_NAME = LaunchImage;
				INFOPLIST_FILE = "$(SRCROOT)/UIKit Dynamics/Info.plist";
				LD_RUNPATH_SEARCH_PATHS = "$(inherited) @executable_path/Frameworks";
				PRODUCT_NAME = "UIKit Dynamics";
			};
			name = Debug;
		};
		788D73931970D70300492FCD /* Release */ = {
			isa = XCBuildConfiguration;
			buildSettings = {
				ASSETCATALOG_COMPILER_APPICON_NAME = AppIcon;
				ASSETCATALOG_COMPILER_LAUNCHIMAGE_NAME = LaunchImage;
				INFOPLIST_FILE = "$(SRCROOT)/UIKit Dynamics/Info.plist";
				LD_RUNPATH_SEARCH_PATHS = "$(inherited) @executable_path/Frameworks";
				PRODUCT_NAME = "UIKit Dynamics";
			};
			name = Release;
		};
/* End XCBuildConfiguration section */

/* Begin XCConfigurationList section */
		788D73701970D70300492FCD /* Build configuration list for PBXProject "UIKit Dynamics" */ = {
			isa = XCConfigurationList;
			buildConfigurations = (
				788D738F1970D70300492FCD /* Debug */,
				788D73901970D70300492FCD /* Release */,
			);
			defaultConfigurationIsVisible = 0;
			defaultConfigurationName = Release;
		};
		788D73911970D70300492FCD /* Build configuration list for PBXNativeTarget "UIKit Dynamics" */ = {
			isa = XCConfigurationList;
			buildConfigurations = (
				788D73921970D70300492FCD /* Debug */,
				788D73931970D70300492FCD /* Release */,
			);
			defaultConfigurationIsVisible = 0;
			defaultConfigurationName = Release;
		};
/* End XCConfigurationList section */
	};
	rootObject = 788D736D1970D70300492FCD /* Project object */;
}
