// !$*UTF8*$!
{
	archiveVersion = 1;
	classes = {
	};
	objectVersion = 46;
	objects = {

/* Begin PBXBuildFile section */
		A25AF7AD198951FB004F321D /* AppDelegate.swift in Sources */ = {isa = PBXBuildFile; fileRef = A25AF7AC198951FB004F321D /* AppDelegate.swift */; };
		A25AF7AF198951FB004F321D /* ViewController.swift in Sources */ = {isa = PBXBuildFile; fileRef = A25AF7AE198951FB004F321D /* ViewController.swift */; };
		A25AF7B2198951FB004F321D /* Main.storyboard in Resources */ = {isa = PBXBuildFile; fileRef = A25AF7B0198951FB004F321D /* Main.storyboard */; };
		A25AF7B4198951FB004F321D /* Images.xcassets in Resources */ = {isa = PBXBuildFile; fileRef = A25AF7B3198951FB004F321D /* Images.xcassets */; };
		A25AF7C0198951FB004F321D /* stackoverflowappTests.swift in Sources */ = {isa = PBXBuildFile; fileRef = A25AF7BF198951FB004F321D /* stackoverflowappTests.swift */; };
		A25AF7CA19895211004F321D /* Question.swift in Sources */ = {isa = PBXBuildFile; fileRef = A25AF7C919895211004F321D /* Question.swift */; };
		A25AF7CF198952B8004F321D /* NetworkController.swift in Sources */ = {isa = PBXBuildFile; fileRef = A25AF7CE198952B8004F321D /* NetworkController.swift */; };
		A25AF7D919895D8B004F321D /* SOItems.m in Sources */ = {isa = PBXBuildFile; fileRef = A25AF7D419895D8B004F321D /* SOItems.m */; };
		A25AF7DA19895D8B004F321D /* SOItems.m in Sources */ = {isa = PBXBuildFile; fileRef = A25AF7D419895D8B004F321D /* SOItems.m */; };
		A25AF7DB19895D8B004F321D /* SOOwner.m in Sources */ = {isa = PBXBuildFile; fileRef = A25AF7D619895D8B004F321D /* SOOwner.m */; };
		A25AF7DC19895D8B004F321D /* SOOwner.m in Sources */ = {isa = PBXBuildFile; fileRef = A25AF7D619895D8B004F321D /* SOOwner.m */; };
		A25AF7DD19895D8B004F321D /* SOSearchResponse.m in Sources */ = {isa = PBXBuildFile; fileRef = A25AF7D819895D8B004F321D /* SOSearchResponse.m */; };
		A25AF7DE19895D8B004F321D /* SOSearchResponse.m in Sources */ = {isa = PBXBuildFile; fileRef = A25AF7D819895D8B004F321D /* SOSearchResponse.m */; };
		A25AF7E01989606D004F321D /* SampleResponse.json in Resources */ = {isa = PBXBuildFile; fileRef = A25AF7DF1989606D004F321D /* SampleResponse.json */; };
		A25AF7E11989606D004F321D /* SampleResponse.json in Resources */ = {isa = PBXBuildFile; fileRef = A25AF7DF1989606D004F321D /* SampleResponse.json */; };
		A25AF7E319897691004F321D /* QuestionCell.swift in Sources */ = {isa = PBXBuildFile; fileRef = A25AF7E219897691004F321D /* QuestionCell.swift */; };
		A25AF7E419897691004F321D /* QuestionCell.swift in Sources */ = {isa = PBXBuildFile; fileRef = A25AF7E219897691004F321D /* QuestionCell.swift */; };
/* End PBXBuildFile section */

/* Begin PBXContainerItemProxy section */
		A25AF7BA198951FB004F321D /* PBXContainerItemProxy */ = {
			isa = PBXContainerItemProxy;
			containerPortal = A25AF79F198951FB004F321D /* Project object */;
			proxyType = 1;
			remoteGlobalIDString = A25AF7A6198951FB004F321D;
			remoteInfo = stackoverflowapp;
		};
/* End PBXContainerItemProxy section */

/* Begin PBXFileReference section */
		A25AF7A7198951FB004F321D /* stackoverflowapp.app */ = {isa = PBXFileReference; explicitFileType = wrapper.application; includeInIndex = 0; path = stackoverflowapp.app; sourceTree = BUILT_PRODUCTS_DIR; };
		A25AF7AB198951FB004F321D /* Info.plist */ = {isa = PBXFileReference; lastKnownFileType = text.plist.xml; path = Info.plist; sourceTree = "<group>"; };
		A25AF7AC198951FB004F321D /* AppDelegate.swift */ = {isa = PBXFileReference; lastKnownFileType = sourcecode.swift; path = AppDelegate.swift; sourceTree = "<group>"; };
		A25AF7AE198951FB004F321D /* ViewController.swift */ = {isa = PBXFileReference; lastKnownFileType = sourcecode.swift; path = ViewController.swift; sourceTree = "<group>"; };
		A25AF7B1198951FB004F321D /* Base */ = {isa = PBXFileReference; lastKnownFileType = file.storyboard; name = Base; path = Base.lproj/Main.storyboard; sourceTree = "<group>"; };
		A25AF7B3198951FB004F321D /* Images.xcassets */ = {isa = PBXFileReference; lastKnownFileType = folder.assetcatalog; path = Images.xcassets; sourceTree = "<group>"; };
		A25AF7B9198951FB004F321D /* stackoverflowappTests.xctest */ = {isa = PBXFileReference; explicitFileType = wrapper.cfbundle; includeInIndex = 0; path = stackoverflowappTests.xctest; sourceTree = BUILT_PRODUCTS_DIR; };
		A25AF7BE198951FB004F321D /* Info.plist */ = {isa = PBXFileReference; lastKnownFileType = text.plist.xml; path = Info.plist; sourceTree = "<group>"; };
		A25AF7BF198951FB004F321D /* stackoverflowappTests.swift */ = {isa = PBXFileReference; lastKnownFileType = sourcecode.swift; path = stackoverflowappTests.swift; sourceTree = "<group>"; };
		A25AF7C919895211004F321D /* Question.swift */ = {isa = PBXFileReference; fileEncoding = 4; lastKnownFileType = sourcecode.swift; name = Question.swift; path = ../Question.swift; sourceTree = "<group>"; };
		A25AF7CE198952B8004F321D /* NetworkController.swift */ = {isa = PBXFileReference; fileEncoding = 4; lastKnownFileType = sourcecode.swift; path = NetworkController.swift; sourceTree = "<group>"; };
		A25AF7D019895D8A004F321D /* stackoverflowapp-Bridging-Header.h */ = {isa = PBXFileReference; lastKnownFileType = sourcecode.c.h; path = "stackoverflowapp-Bridging-Header.h"; sourceTree = "<group>"; };
		A25AF7D119895D8A004F321D /* stackoverflowappTests-Bridging-Header.h */ = {isa = PBXFileReference; lastKnownFileType = sourcecode.c.h; path = "stackoverflowappTests-Bridging-Header.h"; sourceTree = "<group>"; };
		A25AF7D219895D8B004F321D /* DataModels.h */ = {isa = PBXFileReference; fileEncoding = 4; lastKnownFileType = sourcecode.c.h; path = DataModels.h; sourceTree = "<group>"; };
		A25AF7D319895D8B004F321D /* SOItems.h */ = {isa = PBXFileReference; fileEncoding = 4; lastKnownFileType = sourcecode.c.h; path = SOItems.h; sourceTree = "<group>"; };
		A25AF7D419895D8B004F321D /* SOItems.m */ = {isa = PBXFileReference; fileEncoding = 4; lastKnownFileType = sourcecode.c.objc; path = SOItems.m; sourceTree = "<group>"; };
		A25AF7D519895D8B004F321D /* SOOwner.h */ = {isa = PBXFileReference; fileEncoding = 4; lastKnownFileType = sourcecode.c.h; path = SOOwner.h; sourceTree = "<group>"; };
		A25AF7D619895D8B004F321D /* SOOwner.m */ = {isa = PBXFileReference; fileEncoding = 4; lastKnownFileType = sourcecode.c.objc; path = SOOwner.m; sourceTree = "<group>"; };
		A25AF7D719895D8B004F321D /* SOSearchResponse.h */ = {isa = PBXFileReference; fileEncoding = 4; lastKnownFileType = sourcecode.c.h; path = SOSearchResponse.h; sourceTree = "<group>"; };
		A25AF7D819895D8B004F321D /* SOSearchResponse.m */ = {isa = PBXFileReference; fileEncoding = 4; lastKnownFileType = sourcecode.c.objc; path = SOSearchResponse.m; sourceTree = "<group>"; };
		A25AF7DF1989606D004F321D /* SampleResponse.json */ = {isa = PBXFileReference; fileEncoding = 4; lastKnownFileType = text.json; path = SampleResponse.json; sourceTree = "<group>"; };
		A25AF7E219897691004F321D /* QuestionCell.swift */ = {isa = PBXFileReference; fileEncoding = 4; lastKnownFileType = sourcecode.swift; path = QuestionCell.swift; sourceTree = "<group>"; };
/* End PBXFileReference section */

/* Begin PBXFrameworksBuildPhase section */
		A25AF7A4198951FB004F321D /* Frameworks */ = {
			isa = PBXFrameworksBuildPhase;
			buildActionMask = 2147483647;
			files = (
			);
			runOnlyForDeploymentPostprocessing = 0;
		};
		A25AF7B6198951FB004F321D /* Frameworks */ = {
			isa = PBXFrameworksBuildPhase;
			buildActionMask = 2147483647;
			files = (
			);
			runOnlyForDeploymentPostprocessing = 0;
		};
/* End PBXFrameworksBuildPhase section */

/* Begin PBXGroup section */
		A25AF79E198951FB004F321D = {
			isa = PBXGroup;
			children = (
				A25AF7A9198951FB004F321D /* stackoverflowapp */,
				A25AF7BC198951FB004F321D /* stackoverflowappTests */,
				A25AF7A8198951FB004F321D /* Products */,
			);
			sourceTree = "<group>";
		};
		A25AF7A8198951FB004F321D /* Products */ = {
			isa = PBXGroup;
			children = (
				A25AF7A7198951FB004F321D /* stackoverflowapp.app */,
				A25AF7B9198951FB004F321D /* stackoverflowappTests.xctest */,
			);
			name = Products;
			sourceTree = "<group>";
		};
		A25AF7A9198951FB004F321D /* stackoverflowapp */ = {
			isa = PBXGroup;
			children = (
				A25AF7CD19895226004F321D /* View */,
				A25AF7CC1989521F004F321D /* Controllers */,
				A25AF7CB19895217004F321D /* Model */,
				A25AF7AC198951FB004F321D /* AppDelegate.swift */,
				A25AF7AE198951FB004F321D /* ViewController.swift */,
				A25AF7B0198951FB004F321D /* Main.storyboard */,
				A25AF7B3198951FB004F321D /* Images.xcassets */,
				A25AF7AA198951FB004F321D /* Supporting Files */,
			);
			path = stackoverflowapp;
			sourceTree = "<group>";
		};
		A25AF7AA198951FB004F321D /* Supporting Files */ = {
			isa = PBXGroup;
			children = (
				A25AF7AB198951FB004F321D /* Info.plist */,
			);
			name = "Supporting Files";
			sourceTree = "<group>";
		};
		A25AF7BC198951FB004F321D /* stackoverflowappTests */ = {
			isa = PBXGroup;
			children = (
				A25AF7BF198951FB004F321D /* stackoverflowappTests.swift */,
				A25AF7BD198951FB004F321D /* Supporting Files */,
			);
			path = stackoverflowappTests;
			sourceTree = "<group>";
		};
		A25AF7BD198951FB004F321D /* Supporting Files */ = {
			isa = PBXGroup;
			children = (
				A25AF7BE198951FB004F321D /* Info.plist */,
			);
			name = "Supporting Files";
			sourceTree = "<group>";
		};
		A25AF7CB19895217004F321D /* Model */ = {
			isa = PBXGroup;
			children = (
				A25AF7D219895D8B004F321D /* DataModels.h */,
				A25AF7D319895D8B004F321D /* SOItems.h */,
				A25AF7D419895D8B004F321D /* SOItems.m */,
				A25AF7D519895D8B004F321D /* SOOwner.h */,
				A25AF7D619895D8B004F321D /* SOOwner.m */,
				A25AF7D719895D8B004F321D /* SOSearchResponse.h */,
				A25AF7D819895D8B004F321D /* SOSearchResponse.m */,
				A25AF7C919895211004F321D /* Question.swift */,
				A25AF7CE198952B8004F321D /* NetworkController.swift */,
				A25AF7E219897691004F321D /* QuestionCell.swift */,
				A25AF7D019895D8A004F321D /* stackoverflowapp-Bridging-Header.h */,
				A25AF7D119895D8A004F321D /* stackoverflowappTests-Bridging-Header.h */,
				A25AF7DF1989606D004F321D /* SampleResponse.json */,
			);
			name = Model;
			sourceTree = "<group>";
		};
		A25AF7CC1989521F004F321D /* Controllers */ = {
			isa = PBXGroup;
			children = (
			);
			name = Controllers;
			sourceTree = "<group>";
		};
		A25AF7CD19895226004F321D /* View */ = {
			isa = PBXGroup;
			children = (
			);
			name = View;
			sourceTree = "<group>";
		};
/* End PBXGroup section */

/* Begin PBXNativeTarget section */
		A25AF7A6198951FB004F321D /* stackoverflowapp */ = {
			isa = PBXNativeTarget;
			buildConfigurationList = A25AF7C3198951FB004F321D /* Build configuration list for PBXNativeTarget "stackoverflowapp" */;
			buildPhases = (
				A25AF7A3198951FB004F321D /* Sources */,
				A25AF7A4198951FB004F321D /* Frameworks */,
				A25AF7A5198951FB004F321D /* Resources */,
			);
			buildRules = (
			);
			dependencies = (
			);
			name = stackoverflowapp;
			productName = stackoverflowapp;
			productReference = A25AF7A7198951FB004F321D /* stackoverflowapp.app */;
			productType = "com.apple.product-type.application";
		};
		A25AF7B8198951FB004F321D /* stackoverflowappTests */ = {
			isa = PBXNativeTarget;
			buildConfigurationList = A25AF7C6198951FB004F321D /* Build configuration list for PBXNativeTarget "stackoverflowappTests" */;
			buildPhases = (
				A25AF7B5198951FB004F321D /* Sources */,
				A25AF7B6198951FB004F321D /* Frameworks */,
				A25AF7B7198951FB004F321D /* Resources */,
			);
			buildRules = (
			);
			dependencies = (
				A25AF7BB198951FB004F321D /* PBXTargetDependency */,
			);
			name = stackoverflowappTests;
			productName = stackoverflowappTests;
			productReference = A25AF7B9198951FB004F321D /* stackoverflowappTests.xctest */;
			productType = "com.apple.product-type.bundle.unit-test";
		};
/* End PBXNativeTarget section */

/* Begin PBXProject section */
		A25AF79F198951FB004F321D /* Project object */ = {
			isa = PBXProject;
			attributes = {
				LastUpgradeCheck = 0600;
				ORGANIZATIONNAME = learnswift;
				TargetAttributes = {
					A25AF7A6198951FB004F321D = {
						CreatedOnToolsVersion = 6.0;
					};
					A25AF7B8198951FB004F321D = {
						CreatedOnToolsVersion = 6.0;
						TestTargetID = A25AF7A6198951FB004F321D;
					};
				};
			};
			buildConfigurationList = A25AF7A2198951FB004F321D /* Build configuration list for PBXProject "stackoverflowapp" */;
			compatibilityVersion = "Xcode 3.2";
			developmentRegion = English;
			hasScannedForEncodings = 0;
			knownRegions = (
				en,
				Base,
			);
			mainGroup = A25AF79E198951FB004F321D;
			productRefGroup = A25AF7A8198951FB004F321D /* Products */;
			projectDirPath = "";
			projectRoot = "";
			targets = (
				A25AF7A6198951FB004F321D /* stackoverflowapp */,
				A25AF7B8198951FB004F321D /* stackoverflowappTests */,
			);
		};
/* End PBXProject section */

/* Begin PBXResourcesBuildPhase section */
		A25AF7A5198951FB004F321D /* Resources */ = {
			isa = PBXResourcesBuildPhase;
			buildActionMask = 2147483647;
			files = (
				A25AF7B2198951FB004F321D /* Main.storyboard in Resources */,
				A25AF7E01989606D004F321D /* SampleResponse.json in Resources */,
				A25AF7B4198951FB004F321D /* Images.xcassets in Resources */,
			);
			runOnlyForDeploymentPostprocessing = 0;
		};
		A25AF7B7198951FB004F321D /* Resources */ = {
			isa = PBXResourcesBuildPhase;
			buildActionMask = 2147483647;
			files = (
				A25AF7E11989606D004F321D /* SampleResponse.json in Resources */,
			);
			runOnlyForDeploymentPostprocessing = 0;
		};
/* End PBXResourcesBuildPhase section */

/* Begin PBXSourcesBuildPhase section */
		A25AF7A3198951FB004F321D /* Sources */ = {
			isa = PBXSourcesBuildPhase;
			buildActionMask = 2147483647;
			files = (
				A25AF7CF198952B8004F321D /* NetworkController.swift in Sources */,
				A25AF7CA19895211004F321D /* Question.swift in Sources */,
				A25AF7D919895D8B004F321D /* SOItems.m in Sources */,
				A25AF7DB19895D8B004F321D /* SOOwner.m in Sources */,
				A25AF7AF198951FB004F321D /* ViewController.swift in Sources */,
				A25AF7E319897691004F321D /* QuestionCell.swift in Sources */,
				A25AF7AD198951FB004F321D /* AppDelegate.swift in Sources */,
				A25AF7DD19895D8B004F321D /* SOSearchResponse.m in Sources */,
			);
			runOnlyForDeploymentPostprocessing = 0;
		};
		A25AF7B5198951FB004F321D /* Sources */ = {
			isa = PBXSourcesBuildPhase;
			buildActionMask = 2147483647;
			files = (
				A25AF7DE19895D8B004F321D /* SOSearchResponse.m in Sources */,
				A25AF7DC19895D8B004F321D /* SOOwner.m in Sources */,
				A25AF7DA19895D8B004F321D /* SOItems.m in Sources */,
				A25AF7C0198951FB004F321D /* stackoverflowappTests.swift in Sources */,
				A25AF7E419897691004F321D /* QuestionCell.swift in Sources */,
			);
			runOnlyForDeploymentPostprocessing = 0;
		};
/* End PBXSourcesBuildPhase section */

/* Begin PBXTargetDependency section */
		A25AF7BB198951FB004F321D /* PBXTargetDependency */ = {
			isa = PBXTargetDependency;
			target = A25AF7A6198951FB004F321D /* stackoverflowapp */;
			targetProxy = A25AF7BA198951FB004F321D /* PBXContainerItemProxy */;
		};
/* End PBXTargetDependency section */

/* Begin PBXVariantGroup section */
		A25AF7B0198951FB004F321D /* Main.storyboard */ = {
			isa = PBXVariantGroup;
			children = (
				A25AF7B1198951FB004F321D /* Base */,
			);
			name = Main.storyboard;
			sourceTree = "<group>";
		};
/* End PBXVariantGroup section */

/* Begin XCBuildConfiguration section */
		A25AF7C1198951FB004F321D /* Debug */ = {
			isa = XCBuildConfiguration;
			buildSettings = {
				ALWAYS_SEARCH_USER_PATHS = NO;
				CLANG_CXX_LANGUAGE_STANDARD = "gnu++0x";
				CLANG_CXX_LIBRARY = "libc++";
				CLANG_ENABLE_MODULES = YES;
				CLANG_ENABLE_OBJC_ARC = YES;
				CLANG_WARN_BOOL_CONVERSION = YES;
				CLANG_WARN_CONSTANT_CONVERSION = YES;
				CLANG_WARN_DIRECT_OBJC_ISA_USAGE = YES_ERROR;
				CLANG_WARN_EMPTY_BODY = YES;
				CLANG_WARN_ENUM_CONVERSION = YES;
				CLANG_WARN_INT_CONVERSION = YES;
				CLANG_WARN_OBJC_ROOT_CLASS = YES_ERROR;
				CLANG_WARN_UNREACHABLE_CODE = YES;
				CLANG_WARN__DUPLICATE_METHOD_MATCH = YES;
				"CODE_SIGN_IDENTITY[sdk=iphoneos*]" = "iPhone Developer";
				COPY_PHASE_STRIP = NO;
				ENABLE_STRICT_OBJC_MSGSEND = YES;
				GCC_C_LANGUAGE_STANDARD = gnu99;
				GCC_DYNAMIC_NO_PIC = NO;
				GCC_OPTIMIZATION_LEVEL = 0;
				GCC_PREPROCESSOR_DEFINITIONS = (
					"DEBUG=1",
					"$(inherited)",
				);
				GCC_SYMBOLS_PRIVATE_EXTERN = NO;
				GCC_WARN_64_TO_32_BIT_CONVERSION = YES;
				GCC_WARN_ABOUT_RETURN_TYPE = YES_ERROR;
				GCC_WARN_UNDECLARED_SELECTOR = YES;
				GCC_WARN_UNINITIALIZED_AUTOS = YES_AGGRESSIVE;
				GCC_WARN_UNUSED_FUNCTION = YES;
				GCC_WARN_UNUSED_VARIABLE = YES;
				IPHONEOS_DEPLOYMENT_TARGET = 8.0;
				MTL_ENABLE_DEBUG_INFO = YES;
				ONLY_ACTIVE_ARCH = YES;
				SDKROOT = iphoneos;
				SWIFT_OPTIMIZATION_LEVEL = "-Onone";
				TARGETED_DEVICE_FAMILY = "1,2";
			};
			name = Debug;
		};
		A25AF7C2198951FB004F321D /* Release */ = {
			isa = XCBuildConfiguration;
			buildSettings = {
				ALWAYS_SEARCH_USER_PATHS = NO;
				CLANG_CXX_LANGUAGE_STANDARD = "gnu++0x";
				CLANG_CXX_LIBRARY = "libc++";
				CLANG_ENABLE_MODULES = YES;
				CLANG_ENABLE_OBJC_ARC = YES;
				CLANG_WARN_BOOL_CONVERSION = YES;
				CLANG_WARN_CONSTANT_CONVERSION = YES;
				CLANG_WARN_DIRECT_OBJC_ISA_USAGE = YES_ERROR;
				CLANG_WARN_EMPTY_BODY = YES;
				CLANG_WARN_ENUM_CONVERSION = YES;
				CLANG_WARN_INT_CONVERSION = YES;
				CLANG_WARN_OBJC_ROOT_CLASS = YES_ERROR;
				CLANG_WARN_UNREACHABLE_CODE = YES;
				CLANG_WARN__DUPLICATE_METHOD_MATCH = YES;
				"CODE_SIGN_IDENTITY[sdk=iphoneos*]" = "iPhone Developer";
				COPY_PHASE_STRIP = YES;
				ENABLE_NS_ASSERTIONS = NO;
				ENABLE_STRICT_OBJC_MSGSEND = YES;
				GCC_C_LANGUAGE_STANDARD = gnu99;
				GCC_WARN_64_TO_32_BIT_CONVERSION = YES;
				GCC_WARN_ABOUT_RETURN_TYPE = YES_ERROR;
				GCC_WARN_UNDECLARED_SELECTOR = YES;
				GCC_WARN_UNINITIALIZED_AUTOS = YES_AGGRESSIVE;
				GCC_WARN_UNUSED_FUNCTION = YES;
				GCC_WARN_UNUSED_VARIABLE = YES;
				IPHONEOS_DEPLOYMENT_TARGET = 8.0;
				MTL_ENABLE_DEBUG_INFO = NO;
				SDKROOT = iphoneos;
				TARGETED_DEVICE_FAMILY = "1,2";
				VALIDATE_PRODUCT = YES;
			};
			name = Release;
		};
		A25AF7C4198951FB004F321D /* Debug */ = {
			isa = XCBuildConfiguration;
			buildSettings = {
				ASSETCATALOG_COMPILER_APPICON_NAME = AppIcon;
				ASSETCATALOG_COMPILER_LAUNCHIMAGE_NAME = LaunchImage;
				CLANG_ENABLE_MODULES = YES;
				INFOPLIST_FILE = stackoverflowapp/Info.plist;
				LD_RUNPATH_SEARCH_PATHS = "$(inherited) @executable_path/Frameworks";
				PRODUCT_NAME = "$(TARGET_NAME)";
				SWIFT_OBJC_BRIDGING_HEADER = "stackoverflowapp/stackoverflowapp-Bridging-Header.h";
				SWIFT_OPTIMIZATION_LEVEL = "-Onone";
			};
			name = Debug;
		};
		A25AF7C5198951FB004F321D /* Release */ = {
			isa = XCBuildConfiguration;
			buildSettings = {
				ASSETCATALOG_COMPILER_APPICON_NAME = AppIcon;
				ASSETCATALOG_COMPILER_LAUNCHIMAGE_NAME = LaunchImage;
				CLANG_ENABLE_MODULES = YES;
				INFOPLIST_FILE = stackoverflowapp/Info.plist;
				LD_RUNPATH_SEARCH_PATHS = "$(inherited) @executable_path/Frameworks";
				PRODUCT_NAME = "$(TARGET_NAME)";
				SWIFT_OBJC_BRIDGING_HEADER = "stackoverflowapp/stackoverflowapp-Bridging-Header.h";
			};
			name = Release;
		};
		A25AF7C7198951FB004F321D /* Debug */ = {
			isa = XCBuildConfiguration;
			buildSettings = {
				BUNDLE_LOADER = "$(BUILT_PRODUCTS_DIR)/stackoverflowapp.app/stackoverflowapp";
				CLANG_ENABLE_MODULES = YES;
				FRAMEWORK_SEARCH_PATHS = (
					"$(SDKROOT)/Developer/Library/Frameworks",
					"$(inherited)",
				);
				GCC_PREPROCESSOR_DEFINITIONS = (
					"DEBUG=1",
					"$(inherited)",
				);
				INFOPLIST_FILE = stackoverflowappTests/Info.plist;
				LD_RUNPATH_SEARCH_PATHS = "$(inherited) @executable_path/Frameworks @loader_path/Frameworks";
				PRODUCT_NAME = "$(TARGET_NAME)";
				SWIFT_OBJC_BRIDGING_HEADER = "stackoverflowapp/stackoverflowappTests-Bridging-Header.h";
				SWIFT_OPTIMIZATION_LEVEL = "-Onone";
				TEST_HOST = "$(BUNDLE_LOADER)";
			};
			name = Debug;
		};
		A25AF7C8198951FB004F321D /* Release */ = {
			isa = XCBuildConfiguration;
			buildSettings = {
				BUNDLE_LOADER = "$(BUILT_PRODUCTS_DIR)/stackoverflowapp.app/stackoverflowapp";
				CLANG_ENABLE_MODULES = YES;
				FRAMEWORK_SEARCH_PATHS = (
					"$(SDKROOT)/Developer/Library/Frameworks",
					"$(inherited)",
				);
				INFOPLIST_FILE = stackoverflowappTests/Info.plist;
				LD_RUNPATH_SEARCH_PATHS = "$(inherited) @executable_path/Frameworks @loader_path/Frameworks";
				PRODUCT_NAME = "$(TARGET_NAME)";
				SWIFT_OBJC_BRIDGING_HEADER = "stackoverflowapp/stackoverflowappTests-Bridging-Header.h";
				TEST_HOST = "$(BUNDLE_LOADER)";
			};
			name = Release;
		};
/* End XCBuildConfiguration section */

/* Begin XCConfigurationList section */
		A25AF7A2198951FB004F321D /* Build configuration list for PBXProject "stackoverflowapp" */ = {
			isa = XCConfigurationList;
			buildConfigurations = (
				A25AF7C1198951FB004F321D /* Debug */,
				A25AF7C2198951FB004F321D /* Release */,
			);
			defaultConfigurationIsVisible = 0;
			defaultConfigurationName = Release;
		};
		A25AF7C3198951FB004F321D /* Build configuration list for PBXNativeTarget "stackoverflowapp" */ = {
			isa = XCConfigurationList;
			buildConfigurations = (
				A25AF7C4198951FB004F321D /* Debug */,
				A25AF7C5198951FB004F321D /* Release */,
			);
			defaultConfigurationIsVisible = 0;
		};
		A25AF7C6198951FB004F321D /* Build configuration list for PBXNativeTarget "stackoverflowappTests" */ = {
			isa = XCConfigurationList;
			buildConfigurations = (
				A25AF7C7198951FB004F321D /* Debug */,
				A25AF7C8198951FB004F321D /* Release */,
			);
			defaultConfigurationIsVisible = 0;
		};
/* End XCConfigurationList section */
	};
	rootObject = A25AF79F198951FB004F321D /* Project object */;
}
